# THIS IS AN AUTOGENERATED FILE. DO NOT EDIT THIS FILE DIRECTLY.
# yarn lockfile v1


reading-time@^1.2.0:
  version "1.2.0"
  resolved "https://registry.yarnpkg.com/reading-time/-/reading-time-1.2.0.tgz#ced71c06715762f805506328dcc1fd45d8249ac4"
  integrity sha512-5b4XmKK4MEss63y0Lw0vn0Zn6G5kiHP88mUnD8UeEsyORj3sh1ghTH0/u6m1Ax9G2F4wUZrknlp6WlIsCvoXVA==
