# THIS IS AN AUTOGENERATED FILE. DO NOT EDIT THIS FILE DIRECTLY.
# yarn lockfile v1


reading-time@^1.2.1:
  version "1.2.1"
  resolved "https://registry.yarnpkg.com/reading-time/-/reading-time-1.2.1.tgz#c5533dca26fef91928a392e147ee51b64d163cba"
  integrity sha512-a27kU9sCJzx4JklmKFMXgMoCWlhBi75DFTbU7+M3rjh5SXRWyacYt02il3muYaA+SUQ7tg5gMQn7GC8zOxTt/g==
